
Microsoft Visual Studio Solution File, Format Version 12.00
# Visual Studio Version 16
VisualStudioVersion = 16.0.29418.71
MinimumVisualStudioVersion = 10.0.40219.1
Project("{FAE04EC0-301F-11D3-BF4B-00C04F79EFBC}") = "GraphicLayout", "GraphicLayout\GraphicLayout.csproj", "{C8D1A9B2-B17D-41D3-92D5-FA4EF3A41C12}"
EndProject
Global
	GlobalSection(SolutionConfigurationPlatforms) = preSolution
		Debug|Any CPU = Debug|Any CPU
		Release|Any CPU = Release|Any CPU
	EndGlobalSection
	GlobalSection(ProjectConfigurationPlatforms) = postSolution
		{C8D1A9B2-B17D-41D3-92D5-FA4EF3A41C12}.Debug|Any CPU.ActiveCfg = Debug|Any CPU
		{C8D1A9B2-B17D-41D3-92D5-FA4EF3A41C12}.Debug|Any CPU.Build.0 = Debug|Any CPU
		{C8D1A9B2-B17D-41D3-92D5-FA4EF3A41C12}.Release|Any CPU.ActiveCfg = Release|Any CPU
		{C8D1A9B2-B17D-41D3-92D5-FA4EF3A41C12}.Release|Any CPU.Build.0 = Release|Any CPU
	EndGlobalSection
	GlobalSection(SolutionProperties) = preSolution
		HideSolutionNode = FALSE
	EndGlobalSection
	GlobalSection(ExtensibilityGlobals) = postSolution
		SolutionGuid = {94D26429-097E-4CE0-B075-09B01A99B503}
	EndGlobalSection
EndGlobal
